
Microsoft Visual Studio Solution File, Format Version 12.00
# Visual Studio 15
VisualStudioVersion = 15.0.28010.2003
MinimumVisualStudioVersion = 10.0.40219.1
Project("{9A19103F-16F7-4668-BE54-9A1E7A4F7556}") = "DotNetPerformance", "DotNetPerformance\DotNetPerformance.csproj", "{A32FD10F-1C08-4ABF-B9EC-70769DC620FA}"
EndProject
Project("{FAE04EC0-301F-11D3-BF4B-00C04F79EFBC}") = "PerformanceConsoleApp", "PerformanceConsoleApp\PerformanceConsoleApp.csproj", "{80997D8F-F97B-4119-A8A1-185E7C50CB47}"
EndProject
Global
	GlobalSection(SolutionConfigurationPlatforms) = preSolution
		Debug|Any CPU = Debug|Any CPU
		Release|Any CPU = Release|Any CPU
	EndGlobalSection
	GlobalSection(ProjectConfigurationPlatforms) = postSolution
		{A32FD10F-1C08-4ABF-B9EC-70769DC620FA}.Debug|Any CPU.ActiveCfg = Debug|Any CPU
		{A32FD10F-1C08-4ABF-B9EC-70769DC620FA}.Debug|Any CPU.Build.0 = Debug|Any CPU
		{A32FD10F-1C08-4ABF-B9EC-70769DC620FA}.Release|Any CPU.ActiveCfg = Release|Any CPU
		{A32FD10F-1C08-4ABF-B9EC-70769DC620FA}.Release|Any CPU.Build.0 = Release|Any CPU
		{80997D8F-F97B-4119-A8A1-185E7C50CB47}.Debug|Any CPU.ActiveCfg = Debug|Any CPU
		{80997D8F-F97B-4119-A8A1-185E7C50CB47}.Debug|Any CPU.Build.0 = Debug|Any CPU
		{80997D8F-F97B-4119-A8A1-185E7C50CB47}.Release|Any CPU.ActiveCfg = Release|Any CPU
		{80997D8F-F97B-4119-A8A1-185E7C50CB47}.Release|Any CPU.Build.0 = Release|Any CPU
	EndGlobalSection
	GlobalSection(SolutionProperties) = preSolution
		HideSolutionNode = FALSE
	EndGlobalSection
	GlobalSection(ExtensibilityGlobals) = postSolution
		SolutionGuid = {E4539A6D-1D9B-456A-BDD0-7F79B0B487D2}
	EndGlobalSection
EndGlobal
